
Microsoft Visual Studio Solution File, Format Version 12.00
# Visual Studio Version 17
VisualStudioVersion = 17.5.002.0
MinimumVisualStudioVersion = 10.0.40219.1
Project("{9A19103F-16F7-4668-BE54-9A1E7A4F7556}") = "Ceng382_23_24_202111066", "Ceng382_23_24_202111066.csproj", "{15A25358-5758-4FA1-B181-35E7EC036B78}"
EndProject
Global
	GlobalSection(SolutionConfigurationPlatforms) = preSolution
		Debug|Any CPU = Debug|Any CPU
		Release|Any CPU = Release|Any CPU
	EndGlobalSection
	GlobalSection(ProjectConfigurationPlatforms) = postSolution
		{15A25358-5758-4FA1-B181-35E7EC036B78}.Debug|Any CPU.ActiveCfg = Debug|Any CPU
		{15A25358-5758-4FA1-B181-35E7EC036B78}.Debug|Any CPU.Build.0 = Debug|Any CPU
		{15A25358-5758-4FA1-B181-35E7EC036B78}.Release|Any CPU.ActiveCfg = Release|Any CPU
		{15A25358-5758-4FA1-B181-35E7EC036B78}.Release|Any CPU.Build.0 = Release|Any CPU
	EndGlobalSection
	GlobalSection(SolutionProperties) = preSolution
		HideSolutionNode = FALSE
	EndGlobalSection
	GlobalSection(ExtensibilityGlobals) = postSolution
		SolutionGuid = {96384525-A459-4DC5-A8FE-085F2993795F}
	EndGlobalSection
EndGlobal
